Microsoft Visual Studio Solution File, Format Version 12.00
# Visual Studio Version 17
VisualStudioVersion = 17.5.2.0
MinimumVisualStudioVersion = 10.0.40219.1
Project("{FAE04EC0-301F-11D3-BF4B-00C04F79EFBC}") = "S1DS-TextChat", "S1DS-TextChat.csproj", "{1C22568E-F242-E0A6-65EE-A362E1A09ADB}"
EndProject
Global
	GlobalSection(SolutionConfigurationPlatforms) = preSolution
		Debug|Any CPU = Debug|Any CPU
		Release|Any CPU = Release|Any CPU
		Mono_Client|Any CPU = Mono_Client|Any CPU
		Mono_Server|Any CPU = Mono_Server|Any CPU
	EndGlobalSection
	GlobalSection(ProjectConfigurationPlatforms) = postSolution
		{1C22568E-F242-E0A6-65EE-A362E1A09ADB}.Debug|Any CPU.ActiveCfg = Mono_Client|Any CPU
		{1C22568E-F242-E0A6-65EE-A362E1A09ADB}.Debug|Any CPU.Build.0 = Mono_Client|Any CPU
		{1C22568E-F242-E0A6-65EE-A362E1A09ADB}.Release|Any CPU.ActiveCfg = Mono_Client|Any CPU
		{1C22568E-F242-E0A6-65EE-A362E1A09ADB}.Release|Any CPU.Build.0 = Mono_Client|Any CPU
		{1C22568E-F242-E0A6-65EE-A362E1A09ADB}.Mono_Client|Any CPU.ActiveCfg = Mono_Client|Any CPU
		{1C22568E-F242-E0A6-65EE-A362E1A09ADB}.Mono_Client|Any CPU.Build.0 = Mono_Client|Any CPU
		{1C22568E-F242-E0A6-65EE-A362E1A09ADB}.Mono_Server|Any CPU.ActiveCfg = Mono_Server|Any CPU
		{1C22568E-F242-E0A6-65EE-A362E1A09ADB}.Mono_Server|Any CPU.Build.0 = Mono_Server|Any CPU
	EndGlobalSection
	GlobalSection(SolutionProperties) = preSolution
		HideSolutionNode = FALSE
	EndGlobalSection
	GlobalSection(ExtensibilityGlobals) = postSolution
		SolutionGuid = {3436DE9D-4C50-4E23-8990-1F2E5A966B33}
	EndGlobalSection
EndGlobal
